
Microsoft Visual Studio Solution File, Format Version 12.00
# Visual Studio Version 17
VisualStudioVersion = 17.9.34728.123
MinimumVisualStudioVersion = 10.0.40219.1
Project("{9A19103F-16F7-4668-BE54-9A1E7A4F7556}") = "ContactProvider", "ContactProvider\ContactProvider.csproj", "{159B1C3D-7773-4AE2-AC1C-18D823F7F1EC}"
EndProject
Global
	GlobalSection(SolutionConfigurationPlatforms) = preSolution
		Debug|Any CPU = Debug|Any CPU
		Release|Any CPU = Release|Any CPU
	EndGlobalSection
	GlobalSection(ProjectConfigurationPlatforms) = postSolution
		{159B1C3D-7773-4AE2-AC1C-18D823F7F1EC}.Debug|Any CPU.ActiveCfg = Debug|Any CPU
		{159B1C3D-7773-4AE2-AC1C-18D823F7F1EC}.Debug|Any CPU.Build.0 = Debug|Any CPU
		{159B1C3D-7773-4AE2-AC1C-18D823F7F1EC}.Release|Any CPU.ActiveCfg = Release|Any CPU
		{159B1C3D-7773-4AE2-AC1C-18D823F7F1EC}.Release|Any CPU.Build.0 = Release|Any CPU
	EndGlobalSection
	GlobalSection(SolutionProperties) = preSolution
		HideSolutionNode = FALSE
	EndGlobalSection
	GlobalSection(ExtensibilityGlobals) = postSolution
		SolutionGuid = {B63889D4-2A9C-4775-81BC-0D98A76AEBF5}
	EndGlobalSection
EndGlobal
